
Microsoft Visual Studio Solution File, Format Version 12.00
# Visual Studio Version 17
VisualStudioVersion = 17.8.34309.116
MinimumVisualStudioVersion = 10.0.40219.1
Project("{9A19103F-16F7-4668-BE54-9A1E7A4F7556}") = "WpfTaskMaster", "WpfTaskMaster.csproj", "{DEC0002F-293D-481E-A0C7-657D525E84ED}"
EndProject
Project("{9A19103F-16F7-4668-BE54-9A1E7A4F7556}") = "wpf_backend", "..\wpf_taskmaster_test\wpf_backend.csproj", "{23195817-94B1-4058-AFB1-58178A678D50}"
EndProject
Global
	GlobalSection(SolutionConfigurationPlatforms) = preSolution
		Debug|Any CPU = Debug|Any CPU
		Release|Any CPU = Release|Any CPU
	EndGlobalSection
	GlobalSection(ProjectConfigurationPlatforms) = postSolution
		{DEC0002F-293D-481E-A0C7-657D525E84ED}.Debug|Any CPU.ActiveCfg = Debug|Any CPU
		{DEC0002F-293D-481E-A0C7-657D525E84ED}.Debug|Any CPU.Build.0 = Debug|Any CPU
		{DEC0002F-293D-481E-A0C7-657D525E84ED}.Release|Any CPU.ActiveCfg = Release|Any CPU
		{DEC0002F-293D-481E-A0C7-657D525E84ED}.Release|Any CPU.Build.0 = Release|Any CPU
		{23195817-94B1-4058-AFB1-58178A678D50}.Debug|Any CPU.ActiveCfg = Debug|Any CPU
		{23195817-94B1-4058-AFB1-58178A678D50}.Debug|Any CPU.Build.0 = Debug|Any CPU
		{23195817-94B1-4058-AFB1-58178A678D50}.Release|Any CPU.ActiveCfg = Release|Any CPU
		{23195817-94B1-4058-AFB1-58178A678D50}.Release|Any CPU.Build.0 = Release|Any CPU
	EndGlobalSection
	GlobalSection(SolutionProperties) = preSolution
		HideSolutionNode = FALSE
	EndGlobalSection
	GlobalSection(ExtensibilityGlobals) = postSolution
		SolutionGuid = {8CA38B59-1E4F-455D-B8E4-27C4FE92F316}
	EndGlobalSection
EndGlobal
